
Microsoft Visual Studio Solution File, Format Version 11.00
# Visual Studio 2010
Project("{FAE04EC0-301F-11D3-BF4B-00C04F79EFBC}") = "CircleDerived", "CircleDerived\CircleDerived.csproj", "{DE3E61D3-9CC3-4388-A345-FBB57A9B2510}"
EndProject
Global
	GlobalSection(SolutionConfigurationPlatforms) = preSolution
		Debug|x86 = Debug|x86
		Release|x86 = Release|x86
	EndGlobalSection
	GlobalSection(ProjectConfigurationPlatforms) = postSolution
		{DE3E61D3-9CC3-4388-A345-FBB57A9B2510}.Debug|x86.ActiveCfg = Debug|x86
		{DE3E61D3-9CC3-4388-A345-FBB57A9B2510}.Debug|x86.Build.0 = Debug|x86
		{DE3E61D3-9CC3-4388-A345-FBB57A9B2510}.Release|x86.ActiveCfg = Release|x86
		{DE3E61D3-9CC3-4388-A345-FBB57A9B2510}.Release|x86.Build.0 = Release|x86
	EndGlobalSection
	GlobalSection(SolutionProperties) = preSolution
		HideSolutionNode = FALSE
	EndGlobalSection
EndGlobal
