
Microsoft Visual Studio Solution File, Format Version 12.00
# Visual Studio Version 17
VisualStudioVersion = 17.4.33122.133
MinimumVisualStudioVersion = 10.0.40219.1
Project("{FAE04EC0-301F-11D3-BF4B-00C04F79EFBC}") = "Exercise_4_3", "Exercise_4_3\Exercise_4_3.csproj", "{D82845B1-39B1-43E3-88DB-00751E4BB7F6}"
EndProject
Global
	GlobalSection(SolutionConfigurationPlatforms) = preSolution
		Debug|Any CPU = Debug|Any CPU
		Release|Any CPU = Release|Any CPU
	EndGlobalSection
	GlobalSection(ProjectConfigurationPlatforms) = postSolution
		{D82845B1-39B1-43E3-88DB-00751E4BB7F6}.Debug|Any CPU.ActiveCfg = Debug|Any CPU
		{D82845B1-39B1-43E3-88DB-00751E4BB7F6}.Debug|Any CPU.Build.0 = Debug|Any CPU
		{D82845B1-39B1-43E3-88DB-00751E4BB7F6}.Release|Any CPU.ActiveCfg = Release|Any CPU
		{D82845B1-39B1-43E3-88DB-00751E4BB7F6}.Release|Any CPU.Build.0 = Release|Any CPU
	EndGlobalSection
	GlobalSection(SolutionProperties) = preSolution
		HideSolutionNode = FALSE
	EndGlobalSection
	GlobalSection(ExtensibilityGlobals) = postSolution
		SolutionGuid = {6474AABA-B3BA-4A39-9369-8D2B2BC45B3A}
	EndGlobalSection
EndGlobal
