
Microsoft Visual Studio Solution File, Format Version 12.00
# Visual Studio Version 17
VisualStudioVersion = 17.4.33122.133
MinimumVisualStudioVersion = 10.0.40219.1
Project("{FAE04EC0-301F-11D3-BF4B-00C04F79EFBC}") = "Exercise_4_2", "Exercise_4_2\Exercise_4_2.csproj", "{373B122B-D1F2-454C-869B-9FF6AC00B03C}"
EndProject
Global
	GlobalSection(SolutionConfigurationPlatforms) = preSolution
		Debug|Any CPU = Debug|Any CPU
		Release|Any CPU = Release|Any CPU
	EndGlobalSection
	GlobalSection(ProjectConfigurationPlatforms) = postSolution
		{373B122B-D1F2-454C-869B-9FF6AC00B03C}.Debug|Any CPU.ActiveCfg = Debug|Any CPU
		{373B122B-D1F2-454C-869B-9FF6AC00B03C}.Debug|Any CPU.Build.0 = Debug|Any CPU
		{373B122B-D1F2-454C-869B-9FF6AC00B03C}.Release|Any CPU.ActiveCfg = Release|Any CPU
		{373B122B-D1F2-454C-869B-9FF6AC00B03C}.Release|Any CPU.Build.0 = Release|Any CPU
	EndGlobalSection
	GlobalSection(SolutionProperties) = preSolution
		HideSolutionNode = FALSE
	EndGlobalSection
	GlobalSection(ExtensibilityGlobals) = postSolution
		SolutionGuid = {FCE75780-69C9-4FA5-8B49-46A0287239D6}
	EndGlobalSection
EndGlobal
